
Microsoft Visual Studio Solution File, Format Version 12.00
# Visual Studio 16
Project("{FAE04EC0-301F-11D3-BF4B-00C04F79EFBC}") = "Assembly-CSharp", "Assembly-CSharp.csproj", "{E0F647B5-6342-27E8-B236-D7D249767A00}"
EndProject
Project("{FAE04EC0-301F-11D3-BF4B-00C04F79EFBC}") = "Assembly-CSharp-Editor", "Assembly-CSharp-Editor.csproj", "{48149489-4DE0-FC1D-125D-0C3195BA00A5}"
EndProject
Global
	GlobalSection(SolutionConfigurationPlatforms) = preSolution
		Debug|Any CPU = Debug|Any CPU
		Release|Any CPU = Release|Any CPU
	EndGlobalSection
	GlobalSection(ProjectConfigurationPlatforms) = postSolution
		{E0F647B5-6342-27E8-B236-D7D249767A00}.Debug|Any CPU.ActiveCfg = Debug|Any CPU
		{E0F647B5-6342-27E8-B236-D7D249767A00}.Debug|Any CPU.Build.0 = Debug|Any CPU
		{E0F647B5-6342-27E8-B236-D7D249767A00}.Release|Any CPU.ActiveCfg = Release|Any CPU
		{E0F647B5-6342-27E8-B236-D7D249767A00}.Release|Any CPU.Build.0 = Release|Any CPU
		{48149489-4DE0-FC1D-125D-0C3195BA00A5}.Debug|Any CPU.ActiveCfg = Debug|Any CPU
		{48149489-4DE0-FC1D-125D-0C3195BA00A5}.Debug|Any CPU.Build.0 = Debug|Any CPU
		{48149489-4DE0-FC1D-125D-0C3195BA00A5}.Release|Any CPU.ActiveCfg = Release|Any CPU
		{48149489-4DE0-FC1D-125D-0C3195BA00A5}.Release|Any CPU.Build.0 = Release|Any CPU
	EndGlobalSection
	GlobalSection(SolutionProperties) = preSolution
		HideSolutionNode = FALSE
	EndGlobalSection
EndGlobal
